
Microsoft Visual Studio Solution File, Format Version 12.00
# Visual Studio Version 16
VisualStudioVersion = 16.0.29009.5
MinimumVisualStudioVersion = 10.0.40219.1
Project("{FAE04EC0-301F-11D3-BF4B-00C04F79EFBC}") = "Vidly", "Vidly\Vidly.csproj", "{2674DF11-F209-4503-9F94-59CC2401F213}"
EndProject
Global
	GlobalSection(SolutionConfigurationPlatforms) = preSolution
		Debug|Any CPU = Debug|Any CPU
		Release|Any CPU = Release|Any CPU
	EndGlobalSection
	GlobalSection(ProjectConfigurationPlatforms) = postSolution
		{2674DF11-F209-4503-9F94-59CC2401F213}.Debug|Any CPU.ActiveCfg = Debug|Any CPU
		{2674DF11-F209-4503-9F94-59CC2401F213}.Debug|Any CPU.Build.0 = Debug|Any CPU
		{2674DF11-F209-4503-9F94-59CC2401F213}.Release|Any CPU.ActiveCfg = Release|Any CPU
		{2674DF11-F209-4503-9F94-59CC2401F213}.Release|Any CPU.Build.0 = Release|Any CPU
	EndGlobalSection
	GlobalSection(SolutionProperties) = preSolution
		HideSolutionNode = FALSE
	EndGlobalSection
	GlobalSection(ExtensibilityGlobals) = postSolution
		SolutionGuid = {45D178D9-F4BB-44A6-8211-DBFCB32B1641}
	EndGlobalSection
EndGlobal
